// !$*UTF8*$!
{
	archiveVersion = 1;
	classes = {
	};
	objectVersion = 46;
	objects = {

/* Begin PBXBuildFile section */
		980C5F0D1BDDFC1D00AF512E /* main.m in Sources */ = {isa = PBXBuildFile; fileRef = 980C5F0C1BDDFC1D00AF512E /* main.m */; };
		980C5F101BDDFC1D00AF512E /* AppDelegate.m in Sources */ = {isa = PBXBuildFile; fileRef = 980C5F0F1BDDFC1D00AF512E /* AppDelegate.m */; };
		980C5F131BDDFC1D00AF512E /* FirstViewController.m in Sources */ = {isa = PBXBuildFile; fileRef = 980C5F121BDDFC1D00AF512E /* FirstViewController.m */; };
		980C5F161BDDFC1D00AF512E /* SecondViewController.m in Sources */ = {isa = PBXBuildFile; fileRef = 980C5F151BDDFC1D00AF512E /* SecondViewController.m */; };
		980C5F191BDDFC1D00AF512E /* Main.storyboard in Resources */ = {isa = PBXBuildFile; fileRef = 980C5F171BDDFC1D00AF512E /* Main.storyboard */; };
		980C5F1B1BDDFC1D00AF512E /* Assets.xcassets in Resources */ = {isa = PBXBuildFile; fileRef = 980C5F1A1BDDFC1D00AF512E /* Assets.xcassets */; };
		980C5F1E1BDDFC1D00AF512E /* LaunchScreen.storyboard in Resources */ = {isa = PBXBuildFile; fileRef = 980C5F1C1BDDFC1D00AF512E /* LaunchScreen.storyboard */; };
		980C5F291BDDFC1D00AF512E /* __2_3storyboardTests.m in Sources */ = {isa = PBXBuildFile; fileRef = 980C5F281BDDFC1D00AF512E /* __2_3storyboardTests.m */; };
		980C5F341BDDFC1D00AF512E /* __2_3storyboardUITests.m in Sources */ = {isa = PBXBuildFile; fileRef = 980C5F331BDDFC1D00AF512E /* __2_3storyboardUITests.m */; };
		980C5F491BDE150D00AF512E /* main.m in Sources */ = {isa = PBXBuildFile; fileRef = 980C5F481BDE150D00AF512E /* main.m */; };
		980C5F4C1BDE150D00AF512E /* AppDelegate.m in Sources */ = {isa = PBXBuildFile; fileRef = 980C5F4B1BDE150D00AF512E /* AppDelegate.m */; };
		980C5F4F1BDE150D00AF512E /* ViewController.m in Sources */ = {isa = PBXBuildFile; fileRef = 980C5F4E1BDE150D00AF512E /* ViewController.m */; };
		980C5F521BDE150D00AF512E /* Main.storyboard in Resources */ = {isa = PBXBuildFile; fileRef = 980C5F501BDE150D00AF512E /* Main.storyboard */; };
		980C5F541BDE150D00AF512E /* Assets.xcassets in Resources */ = {isa = PBXBuildFile; fileRef = 980C5F531BDE150D00AF512E /* Assets.xcassets */; };
		980C5F571BDE150D00AF512E /* LaunchScreen.storyboard in Resources */ = {isa = PBXBuildFile; fileRef = 980C5F551BDE150D00AF512E /* LaunchScreen.storyboard */; };
		980C5F621BDE150D00AF512E /* newTargetTests.m in Sources */ = {isa = PBXBuildFile; fileRef = 980C5F611BDE150D00AF512E /* newTargetTests.m */; };
		980C5F6D1BDE150D00AF512E /* newTargetUITests.m in Sources */ = {isa = PBXBuildFile; fileRef = 980C5F6C1BDE150D00AF512E /* newTargetUITests.m */; };
/* End PBXBuildFile section */

/* Begin PBXContainerItemProxy section */
		980C5F251BDDFC1D00AF512E /* PBXContainerItemProxy */ = {
			isa = PBXContainerItemProxy;
			containerPortal = 980C5F001BDDFC1D00AF512E /* Project object */;
			proxyType = 1;
			remoteGlobalIDString = 980C5F071BDDFC1D00AF512E;
			remoteInfo = 2_2.3storyboard;
		};
		980C5F301BDDFC1D00AF512E /* PBXContainerItemProxy */ = {
			isa = PBXContainerItemProxy;
			containerPortal = 980C5F001BDDFC1D00AF512E /* Project object */;
			proxyType = 1;
			remoteGlobalIDString = 980C5F071BDDFC1D00AF512E;
			remoteInfo = 2_2.3storyboard;
		};
		980C5F5E1BDE150D00AF512E /* PBXContainerItemProxy */ = {
			isa = PBXContainerItemProxy;
			containerPortal = 980C5F001BDDFC1D00AF512E /* Project object */;
			proxyType = 1;
			remoteGlobalIDString = 980C5F441BDE150D00AF512E;
			remoteInfo = newTarget;
		};
		980C5F691BDE150D00AF512E /* PBXContainerItemProxy */ = {
			isa = PBXContainerItemProxy;
			containerPortal = 980C5F001BDDFC1D00AF512E /* Project object */;
			proxyType = 1;
			remoteGlobalIDString = 980C5F441BDE150D00AF512E;
			remoteInfo = newTarget;
		};
/* End PBXContainerItemProxy section */

/* Begin PBXFileReference section */
		980C5F081BDDFC1D00AF512E /* 2_2.3storyboard.app */ = {isa = PBXFileReference; explicitFileType = wrapper.application; includeInIndex = 0; path = 2_2.3storyboard.app; sourceTree = BUILT_PRODUCTS_DIR; };
		980C5F0C1BDDFC1D00AF512E /* main.m */ = {isa = PBXFileReference; lastKnownFileType = sourcecode.c.objc; path = main.m; sourceTree = "<group>"; };
		980C5F0E1BDDFC1D00AF512E /* AppDelegate.h */ = {isa = PBXFileReference; lastKnownFileType = sourcecode.c.h; path = AppDelegate.h; sourceTree = "<group>"; };
		980C5F0F1BDDFC1D00AF512E /* AppDelegate.m */ = {isa = PBXFileReference; lastKnownFileType = sourcecode.c.objc; path = AppDelegate.m; sourceTree = "<group>"; };
		980C5F111BDDFC1D00AF512E /* FirstViewController.h */ = {isa = PBXFileReference; lastKnownFileType = sourcecode.c.h; path = FirstViewController.h; sourceTree = "<group>"; };
		980C5F121BDDFC1D00AF512E /* FirstViewController.m */ = {isa = PBXFileReference; lastKnownFileType = sourcecode.c.objc; path = FirstViewController.m; sourceTree = "<group>"; };
		980C5F141BDDFC1D00AF512E /* SecondViewController.h */ = {isa = PBXFileReference; lastKnownFileType = sourcecode.c.h; path = SecondViewController.h; sourceTree = "<group>"; };
		980C5F151BDDFC1D00AF512E /* SecondViewController.m */ = {isa = PBXFileReference; lastKnownFileType = sourcecode.c.objc; path = SecondViewController.m; sourceTree = "<group>"; };
		980C5F181BDDFC1D00AF512E /* Base */ = {isa = PBXFileReference; lastKnownFileType = file.storyboard; name = Base; path = Base.lproj/Main.storyboard; sourceTree = "<group>"; };
		980C5F1A1BDDFC1D00AF512E /* Assets.xcassets */ = {isa = PBXFileReference; lastKnownFileType = folder.assetcatalog; path = Assets.xcassets; sourceTree = "<group>"; };
		980C5F1D1BDDFC1D00AF512E /* Base */ = {isa = PBXFileReference; lastKnownFileType = file.storyboard; name = Base; path = Base.lproj/LaunchScreen.storyboard; sourceTree = "<group>"; };
		980C5F1F1BDDFC1D00AF512E /* Info.plist */ = {isa = PBXFileReference; lastKnownFileType = text.plist.xml; path = Info.plist; sourceTree = "<group>"; };
		980C5F241BDDFC1D00AF512E /* 2_2.3storyboardTests.xctest */ = {isa = PBXFileReference; explicitFileType = wrapper.cfbundle; includeInIndex = 0; path = 2_2.3storyboardTests.xctest; sourceTree = BUILT_PRODUCTS_DIR; };
		980C5F281BDDFC1D00AF512E /* __2_3storyboardTests.m */ = {isa = PBXFileReference; lastKnownFileType = sourcecode.c.objc; path = __2_3storyboardTests.m; sourceTree = "<group>"; };
		980C5F2A1BDDFC1D00AF512E /* Info.plist */ = {isa = PBXFileReference; lastKnownFileType = text.plist.xml; path = Info.plist; sourceTree = "<group>"; };
		980C5F2F1BDDFC1D00AF512E /* 2_2.3storyboardUITests.xctest */ = {isa = PBXFileReference; explicitFileType = wrapper.cfbundle; includeInIndex = 0; path = 2_2.3storyboardUITests.xctest; sourceTree = BUILT_PRODUCTS_DIR; };
		980C5F331BDDFC1D00AF512E /* __2_3storyboardUITests.m */ = {isa = PBXFileReference; lastKnownFileType = sourcecode.c.objc; path = __2_3storyboardUITests.m; sourceTree = "<group>"; };
		980C5F351BDDFC1D00AF512E /* Info.plist */ = {isa = PBXFileReference; lastKnownFileType = text.plist.xml; path = Info.plist; sourceTree = "<group>"; };
		980C5F451BDE150D00AF512E /* newTarget.app */ = {isa = PBXFileReference; explicitFileType = wrapper.application; includeInIndex = 0; path = newTarget.app; sourceTree = BUILT_PRODUCTS_DIR; };
		980C5F481BDE150D00AF512E /* main.m */ = {isa = PBXFileReference; lastKnownFileType = sourcecode.c.objc; path = main.m; sourceTree = "<group>"; };
		980C5F4A1BDE150D00AF512E /* AppDelegate.h */ = {isa = PBXFileReference; lastKnownFileType = sourcecode.c.h; path = AppDelegate.h; sourceTree = "<group>"; };
		980C5F4B1BDE150D00AF512E /* AppDelegate.m */ = {isa = PBXFileReference; lastKnownFileType = sourcecode.c.objc; path = AppDelegate.m; sourceTree = "<group>"; };
		980C5F4D1BDE150D00AF512E /* ViewController.h */ = {isa = PBXFileReference; lastKnownFileType = sourcecode.c.h; path = ViewController.h; sourceTree = "<group>"; };
		980C5F4E1BDE150D00AF512E /* ViewController.m */ = {isa = PBXFileReference; lastKnownFileType = sourcecode.c.objc; path = ViewController.m; sourceTree = "<group>"; };
		980C5F511BDE150D00AF512E /* Base */ = {isa = PBXFileReference; lastKnownFileType = file.storyboard; name = Base; path = Base.lproj/Main.storyboard; sourceTree = "<group>"; };
		980C5F531BDE150D00AF512E /* Assets.xcassets */ = {isa = PBXFileReference; lastKnownFileType = folder.assetcatalog; path = Assets.xcassets; sourceTree = "<group>"; };
		980C5F561BDE150D00AF512E /* Base */ = {isa = PBXFileReference; lastKnownFileType = file.storyboard; name = Base; path = Base.lproj/LaunchScreen.storyboard; sourceTree = "<group>"; };
		980C5F581BDE150D00AF512E /* Info.plist */ = {isa = PBXFileReference; lastKnownFileType = text.plist.xml; path = Info.plist; sourceTree = "<group>"; };
		980C5F5D1BDE150D00AF512E /* newTargetTests.xctest */ = {isa = PBXFileReference; explicitFileType = wrapper.cfbundle; includeInIndex = 0; path = newTargetTests.xctest; sourceTree = BUILT_PRODUCTS_DIR; };
		980C5F611BDE150D00AF512E /* newTargetTests.m */ = {isa = PBXFileReference; lastKnownFileType = sourcecode.c.objc; path = newTargetTests.m; sourceTree = "<group>"; };
		980C5F631BDE150D00AF512E /* Info.plist */ = {isa = PBXFileReference; lastKnownFileType = text.plist.xml; path = Info.plist; sourceTree = "<group>"; };
		980C5F681BDE150D00AF512E /* newTargetUITests.xctest */ = {isa = PBXFileReference; explicitFileType = wrapper.cfbundle; includeInIndex = 0; path = newTargetUITests.xctest; sourceTree = BUILT_PRODUCTS_DIR; };
		980C5F6C1BDE150D00AF512E /* newTargetUITests.m */ = {isa = PBXFileReference; lastKnownFileType = sourcecode.c.objc; path = newTargetUITests.m; sourceTree = "<group>"; };
		980C5F6E1BDE150D00AF512E /* Info.plist */ = {isa = PBXFileReference; lastKnownFileType = text.plist.xml; path = Info.plist; sourceTree = "<group>"; };
/* End PBXFileReference section */

/* Begin PBXFrameworksBuildPhase section */
		980C5F051BDDFC1D00AF512E /* Frameworks */ = {
			isa = PBXFrameworksBuildPhase;
			buildActionMask = 2147483647;
			files = (
			);
			runOnlyForDeploymentPostprocessing = 0;
		};
		980C5F211BDDFC1D00AF512E /* Frameworks */ = {
			isa = PBXFrameworksBuildPhase;
			buildActionMask = 2147483647;
			files = (
			);
			runOnlyForDeploymentPostprocessing = 0;
		};
		980C5F2C1BDDFC1D00AF512E /* Frameworks */ = {
			isa = PBXFrameworksBuildPhase;
			buildActionMask = 2147483647;
			files = (
			);
			runOnlyForDeploymentPostprocessing = 0;
		};
		980C5F421BDE150D00AF512E /* Frameworks */ = {
			isa = PBXFrameworksBuildPhase;
			buildActionMask = 2147483647;
			files = (
			);
			runOnlyForDeploymentPostprocessing = 0;
		};
		980C5F5A1BDE150D00AF512E /* Frameworks */ = {
			isa = PBXFrameworksBuildPhase;
			buildActionMask = 2147483647;
			files = (
			);
			runOnlyForDeploymentPostprocessing = 0;
		};
		980C5F651BDE150D00AF512E /* Frameworks */ = {
			isa = PBXFrameworksBuildPhase;
			buildActionMask = 2147483647;
			files = (
			);
			runOnlyForDeploymentPostprocessing = 0;
		};
/* End PBXFrameworksBuildPhase section */

/* Begin PBXGroup section */
		980C5EFF1BDDFC1D00AF512E = {
			isa = PBXGroup;
			children = (
				980C5F0A1BDDFC1D00AF512E /* 2_2.3storyboard */,
				980C5F271BDDFC1D00AF512E /* 2_2.3storyboardTests */,
				980C5F321BDDFC1D00AF512E /* 2_2.3storyboardUITests */,
				980C5F461BDE150D00AF512E /* newTarget */,
				980C5F601BDE150D00AF512E /* newTargetTests */,
				980C5F6B1BDE150D00AF512E /* newTargetUITests */,
				980C5F091BDDFC1D00AF512E /* Products */,
			);
			sourceTree = "<group>";
		};
		980C5F091BDDFC1D00AF512E /* Products */ = {
			isa = PBXGroup;
			children = (
				980C5F081BDDFC1D00AF512E /* 2_2.3storyboard.app */,
				980C5F241BDDFC1D00AF512E /* 2_2.3storyboardTests.xctest */,
				980C5F2F1BDDFC1D00AF512E /* 2_2.3storyboardUITests.xctest */,
				980C5F451BDE150D00AF512E /* newTarget.app */,
				980C5F5D1BDE150D00AF512E /* newTargetTests.xctest */,
				980C5F681BDE150D00AF512E /* newTargetUITests.xctest */,
			);
			name = Products;
			sourceTree = "<group>";
		};
		980C5F0A1BDDFC1D00AF512E /* 2_2.3storyboard */ = {
			isa = PBXGroup;
			children = (
				980C5F0E1BDDFC1D00AF512E /* AppDelegate.h */,
				980C5F0F1BDDFC1D00AF512E /* AppDelegate.m */,
				980C5F111BDDFC1D00AF512E /* FirstViewController.h */,
				980C5F121BDDFC1D00AF512E /* FirstViewController.m */,
				980C5F141BDDFC1D00AF512E /* SecondViewController.h */,
				980C5F151BDDFC1D00AF512E /* SecondViewController.m */,
				980C5F171BDDFC1D00AF512E /* Main.storyboard */,
				980C5F1A1BDDFC1D00AF512E /* Assets.xcassets */,
				980C5F1C1BDDFC1D00AF512E /* LaunchScreen.storyboard */,
				980C5F1F1BDDFC1D00AF512E /* Info.plist */,
				980C5F0B1BDDFC1D00AF512E /* Supporting Files */,
			);
			path = 2_2.3storyboard;
			sourceTree = "<group>";
		};
		980C5F0B1BDDFC1D00AF512E /* Supporting Files */ = {
			isa = PBXGroup;
			children = (
				980C5F0C1BDDFC1D00AF512E /* main.m */,
			);
			name = "Supporting Files";
			sourceTree = "<group>";
		};
		980C5F271BDDFC1D00AF512E /* 2_2.3storyboardTests */ = {
			isa = PBXGroup;
			children = (
				980C5F281BDDFC1D00AF512E /* __2_3storyboardTests.m */,
				980C5F2A1BDDFC1D00AF512E /* Info.plist */,
			);
			path = 2_2.3storyboardTests;
			sourceTree = "<group>";
		};
		980C5F321BDDFC1D00AF512E /* 2_2.3storyboardUITests */ = {
			isa = PBXGroup;
			children = (
				980C5F331BDDFC1D00AF512E /* __2_3storyboardUITests.m */,
				980C5F351BDDFC1D00AF512E /* Info.plist */,
			);
			path = 2_2.3storyboardUITests;
			sourceTree = "<group>";
		};
		980C5F461BDE150D00AF512E /* newTarget */ = {
			isa = PBXGroup;
			children = (
				980C5F4A1BDE150D00AF512E /* AppDelegate.h */,
				980C5F4B1BDE150D00AF512E /* AppDelegate.m */,
				980C5F4D1BDE150D00AF512E /* ViewController.h */,
				980C5F4E1BDE150D00AF512E /* ViewController.m */,
				980C5F501BDE150D00AF512E /* Main.storyboard */,
				980C5F531BDE150D00AF512E /* Assets.xcassets */,
				980C5F551BDE150D00AF512E /* LaunchScreen.storyboard */,
				980C5F581BDE150D00AF512E /* Info.plist */,
				980C5F471BDE150D00AF512E /* Supporting Files */,
			);
			path = newTarget;
			sourceTree = "<group>";
		};
		980C5F471BDE150D00AF512E /* Supporting Files */ = {
			isa = PBXGroup;
			children = (
				980C5F481BDE150D00AF512E /* main.m */,
			);
			name = "Supporting Files";
			sourceTree = "<group>";
		};
		980C5F601BDE150D00AF512E /* newTargetTests */ = {
			isa = PBXGroup;
			children = (
				980C5F611BDE150D00AF512E /* newTargetTests.m */,
				980C5F631BDE150D00AF512E /* Info.plist */,
			);
			path = newTargetTests;
			sourceTree = "<group>";
		};
		980C5F6B1BDE150D00AF512E /* newTargetUITests */ = {
			isa = PBXGroup;
			children = (
				980C5F6C1BDE150D00AF512E /* newTargetUITests.m */,
				980C5F6E1BDE150D00AF512E /* Info.plist */,
			);
			path = newTargetUITests;
			sourceTree = "<group>";
		};
/* End PBXGroup section */

/* Begin PBXNativeTarget section */
		980C5F071BDDFC1D00AF512E /* 2_2.3storyboard */ = {
			isa = PBXNativeTarget;
			buildConfigurationList = 980C5F381BDDFC1D00AF512E /* Build configuration list for PBXNativeTarget "2_2.3storyboard" */;
			buildPhases = (
				980C5F041BDDFC1D00AF512E /* Sources */,
				980C5F051BDDFC1D00AF512E /* Frameworks */,
				980C5F061BDDFC1D00AF512E /* Resources */,
			);
			buildRules = (
			);
			dependencies = (
			);
			name = 2_2.3storyboard;
			productName = 2_2.3storyboard;
			productReference = 980C5F081BDDFC1D00AF512E /* 2_2.3storyboard.app */;
			productType = "com.apple.product-type.application";
		};
		980C5F231BDDFC1D00AF512E /* 2_2.3storyboardTests */ = {
			isa = PBXNativeTarget;
			buildConfigurationList = 980C5F3B1BDDFC1D00AF512E /* Build configuration list for PBXNativeTarget "2_2.3storyboardTests" */;
			buildPhases = (
				980C5F201BDDFC1D00AF512E /* Sources */,
				980C5F211BDDFC1D00AF512E /* Frameworks */,
				980C5F221BDDFC1D00AF512E /* Resources */,
			);
			buildRules = (
			);
			dependencies = (
				980C5F261BDDFC1D00AF512E /* PBXTargetDependency */,
			);
			name = 2_2.3storyboardTests;
			productName = 2_2.3storyboardTests;
			productReference = 980C5F241BDDFC1D00AF512E /* 2_2.3storyboardTests.xctest */;
			productType = "com.apple.product-type.bundle.unit-test";
		};
		980C5F2E1BDDFC1D00AF512E /* 2_2.3storyboardUITests */ = {
			isa = PBXNativeTarget;
			buildConfigurationList = 980C5F3E1BDDFC1D00AF512E /* Build configuration list for PBXNativeTarget "2_2.3storyboardUITests" */;
			buildPhases = (
				980C5F2B1BDDFC1D00AF512E /* Sources */,
				980C5F2C1BDDFC1D00AF512E /* Frameworks */,
				980C5F2D1BDDFC1D00AF512E /* Resources */,
			);
			buildRules = (
			);
			dependencies = (
				980C5F311BDDFC1D00AF512E /* PBXTargetDependency */,
			);
			name = 2_2.3storyboardUITests;
			productName = 2_2.3storyboardUITests;
			productReference = 980C5F2F1BDDFC1D00AF512E /* 2_2.3storyboardUITests.xctest */;
			productType = "com.apple.product-type.bundle.ui-testing";
		};
		980C5F441BDE150D00AF512E /* newTarget */ = {
			isa = PBXNativeTarget;
			buildConfigurationList = 980C5F6F1BDE150D00AF512E /* Build configuration list for PBXNativeTarget "newTarget" */;
			buildPhases = (
				980C5F411BDE150D00AF512E /* Sources */,
				980C5F421BDE150D00AF512E /* Frameworks */,
				980C5F431BDE150D00AF512E /* Resources */,
			);
			buildRules = (
			);
			dependencies = (
			);
			name = newTarget;
			productName = newTarget;
			productReference = 980C5F451BDE150D00AF512E /* newTarget.app */;
			productType = "com.apple.product-type.application";
		};
		980C5F5C1BDE150D00AF512E /* newTargetTests */ = {
			isa = PBXNativeTarget;
			buildConfigurationList = 980C5F721BDE150D00AF512E /* Build configuration list for PBXNativeTarget "newTargetTests" */;
			buildPhases = (
				980C5F591BDE150D00AF512E /* Sources */,
				980C5F5A1BDE150D00AF512E /* Frameworks */,
				980C5F5B1BDE150D00AF512E /* Resources */,
			);
			buildRules = (
			);
			dependencies = (
				980C5F5F1BDE150D00AF512E /* PBXTargetDependency */,
			);
			name = newTargetTests;
			productName = newTargetTests;
			productReference = 980C5F5D1BDE150D00AF512E /* newTargetTests.xctest */;
			productType = "com.apple.product-type.bundle.unit-test";
		};
		980C5F671BDE150D00AF512E /* newTargetUITests */ = {
			isa = PBXNativeTarget;
			buildConfigurationList = 980C5F751BDE150D00AF512E /* Build configuration list for PBXNativeTarget "newTargetUITests" */;
			buildPhases = (
				980C5F641BDE150D00AF512E /* Sources */,
				980C5F651BDE150D00AF512E /* Frameworks */,
				980C5F661BDE150D00AF512E /* Resources */,
			);
			buildRules = (
			);
			dependencies = (
				980C5F6A1BDE150D00AF512E /* PBXTargetDependency */,
			);
			name = newTargetUITests;
			productName = newTargetUITests;
			productReference = 980C5F681BDE150D00AF512E /* newTargetUITests.xctest */;
			productType = "com.apple.product-type.bundle.ui-testing";
		};
/* End PBXNativeTarget section */

/* Begin PBXProject section */
		980C5F001BDDFC1D00AF512E /* Project object */ = {
			isa = PBXProject;
			attributes = {
				LastUpgradeCheck = 0710;
				ORGANIZATIONNAME = zelo;
				TargetAttributes = {
					980C5F071BDDFC1D00AF512E = {
						CreatedOnToolsVersion = 7.1;
					};
					980C5F231BDDFC1D00AF512E = {
						CreatedOnToolsVersion = 7.1;
						TestTargetID = 980C5F071BDDFC1D00AF512E;
					};
					980C5F2E1BDDFC1D00AF512E = {
						CreatedOnToolsVersion = 7.1;
						TestTargetID = 980C5F071BDDFC1D00AF512E;
					};
					980C5F441BDE150D00AF512E = {
						CreatedOnToolsVersion = 7.1;
					};
					980C5F5C1BDE150D00AF512E = {
						CreatedOnToolsVersion = 7.1;
						TestTargetID = 980C5F441BDE150D00AF512E;
					};
					980C5F671BDE150D00AF512E = {
						CreatedOnToolsVersion = 7.1;
						TestTargetID = 980C5F441BDE150D00AF512E;
					};
				};
			};
			buildConfigurationList = 980C5F031BDDFC1D00AF512E /* Build configuration list for PBXProject "2_2.3storyboard" */;
			compatibilityVersion = "Xcode 3.2";
			developmentRegion = English;
			hasScannedForEncodings = 0;
			knownRegions = (
				en,
				Base,
			);
			mainGroup = 980C5EFF1BDDFC1D00AF512E;
			productRefGroup = 980C5F091BDDFC1D00AF512E /* Products */;
			projectDirPath = "";
			projectRoot = "";
			targets = (
				980C5F071BDDFC1D00AF512E /* 2_2.3storyboard */,
				980C5F231BDDFC1D00AF512E /* 2_2.3storyboardTests */,
				980C5F2E1BDDFC1D00AF512E /* 2_2.3storyboardUITests */,
				980C5F441BDE150D00AF512E /* newTarget */,
				980C5F5C1BDE150D00AF512E /* newTargetTests */,
				980C5F671BDE150D00AF512E /* newTargetUITests */,
			);
		};
/* End PBXProject section */

/* Begin PBXResourcesBuildPhase section */
		980C5F061BDDFC1D00AF512E /* Resources */ = {
			isa = PBXResourcesBuildPhase;
			buildActionMask = 2147483647;
			files = (
				980C5F1E1BDDFC1D00AF512E /* LaunchScreen.storyboard in Resources */,
				980C5F1B1BDDFC1D00AF512E /* Assets.xcassets in Resources */,
				980C5F191BDDFC1D00AF512E /* Main.storyboard in Resources */,
			);
			runOnlyForDeploymentPostprocessing = 0;
		};
		980C5F221BDDFC1D00AF512E /* Resources */ = {
			isa = PBXResourcesBuildPhase;
			buildActionMask = 2147483647;
			files = (
			);
			runOnlyForDeploymentPostprocessing = 0;
		};
		980C5F2D1BDDFC1D00AF512E /* Resources */ = {
			isa = PBXResourcesBuildPhase;
			buildActionMask = 2147483647;
			files = (
			);
			runOnlyForDeploymentPostprocessing = 0;
		};
		980C5F431BDE150D00AF512E /* Resources */ = {
			isa = PBXResourcesBuildPhase;
			buildActionMask = 2147483647;
			files = (
				980C5F571BDE150D00AF512E /* LaunchScreen.storyboard in Resources */,
				980C5F541BDE150D00AF512E /* Assets.xcassets in Resources */,
				980C5F521BDE150D00AF512E /* Main.storyboard in Resources */,
			);
			runOnlyForDeploymentPostprocessing = 0;
		};
		980C5F5B1BDE150D00AF512E /* Resources */ = {
			isa = PBXResourcesBuildPhase;
			buildActionMask = 2147483647;
			files = (
			);
			runOnlyForDeploymentPostprocessing = 0;
		};
		980C5F661BDE150D00AF512E /* Resources */ = {
			isa = PBXResourcesBuildPhase;
			buildActionMask = 2147483647;
			files = (
			);
			runOnlyForDeploymentPostprocessing = 0;
		};
/* End PBXResourcesBuildPhase section */

/* Begin PBXSourcesBuildPhase section */
		980C5F041BDDFC1D00AF512E /* Sources */ = {
			isa = PBXSourcesBuildPhase;
			buildActionMask = 2147483647;
			files = (
				980C5F161BDDFC1D00AF512E /* SecondViewController.m in Sources */,
				980C5F101BDDFC1D00AF512E /* AppDelegate.m in Sources */,
				980C5F131BDDFC1D00AF512E /* FirstViewController.m in Sources */,
				980C5F0D1BDDFC1D00AF512E /* main.m in Sources */,
			);
			runOnlyForDeploymentPostprocessing = 0;
		};
		980C5F201BDDFC1D00AF512E /* Sources */ = {
			isa = PBXSourcesBuildPhase;
			buildActionMask = 2147483647;
			files = (
				980C5F291BDDFC1D00AF512E /* __2_3storyboardTests.m in Sources */,
			);
			runOnlyForDeploymentPostprocessing = 0;
		};
		980C5F2B1BDDFC1D00AF512E /* Sources */ = {
			isa = PBXSourcesBuildPhase;
			buildActionMask = 2147483647;
			files = (
				980C5F341BDDFC1D00AF512E /* __2_3storyboardUITests.m in Sources */,
			);
			runOnlyForDeploymentPostprocessing = 0;
		};
		980C5F411BDE150D00AF512E /* Sources */ = {
			isa = PBXSourcesBuildPhase;
			buildActionMask = 2147483647;
			files = (
				980C5F4F1BDE150D00AF512E /* ViewController.m in Sources */,
				980C5F4C1BDE150D00AF512E /* AppDelegate.m in Sources */,
				980C5F491BDE150D00AF512E /* main.m in Sources */,
			);
			runOnlyForDeploymentPostprocessing = 0;
		};
		980C5F591BDE150D00AF512E /* Sources */ = {
			isa = PBXSourcesBuildPhase;
			buildActionMask = 2147483647;
			files = (
				980C5F621BDE150D00AF512E /* newTargetTests.m in Sources */,
			);
			runOnlyForDeploymentPostprocessing = 0;
		};
		980C5F641BDE150D00AF512E /* Sources */ = {
			isa = PBXSourcesBuildPhase;
			buildActionMask = 2147483647;
			files = (
				980C5F6D1BDE150D00AF512E /* newTargetUITests.m in Sources */,
			);
			runOnlyForDeploymentPostprocessing = 0;
		};
/* End PBXSourcesBuildPhase section */

/* Begin PBXTargetDependency section */
		980C5F261BDDFC1D00AF512E /* PBXTargetDependency */ = {
			isa = PBXTargetDependency;
			target = 980C5F071BDDFC1D00AF512E /* 2_2.3storyboard */;
			targetProxy = 980C5F251BDDFC1D00AF512E /* PBXContainerItemProxy */;
		};
		980C5F311BDDFC1D00AF512E /* PBXTargetDependency */ = {
			isa = PBXTargetDependency;
			target = 980C5F071BDDFC1D00AF512E /* 2_2.3storyboard */;
			targetProxy = 980C5F301BDDFC1D00AF512E /* PBXContainerItemProxy */;
		};
		980C5F5F1BDE150D00AF512E /* PBXTargetDependency */ = {
			isa = PBXTargetDependency;
			target = 980C5F441BDE150D00AF512E /* newTarget */;
			targetProxy = 980C5F5E1BDE150D00AF512E /* PBXContainerItemProxy */;
		};
		980C5F6A1BDE150D00AF512E /* PBXTargetDependency */ = {
			isa = PBXTargetDependency;
			target = 980C5F441BDE150D00AF512E /* newTarget */;
			targetProxy = 980C5F691BDE150D00AF512E /* PBXContainerItemProxy */;
		};
/* End PBXTargetDependency section */

/* Begin PBXVariantGroup section */
		980C5F171BDDFC1D00AF512E /* Main.storyboard */ = {
			isa = PBXVariantGroup;
			children = (
				980C5F181BDDFC1D00AF512E /* Base */,
			);
			name = Main.storyboard;
			sourceTree = "<group>";
		};
		980C5F1C1BDDFC1D00AF512E /* LaunchScreen.storyboard */ = {
			isa = PBXVariantGroup;
			children = (
				980C5F1D1BDDFC1D00AF512E /* Base */,
			);
			name = LaunchScreen.storyboard;
			sourceTree = "<group>";
		};
		980C5F501BDE150D00AF512E /* Main.storyboard */ = {
			isa = PBXVariantGroup;
			children = (
				980C5F511BDE150D00AF512E /* Base */,
			);
			name = Main.storyboard;
			sourceTree = "<group>";
		};
		980C5F551BDE150D00AF512E /* LaunchScreen.storyboard */ = {
			isa = PBXVariantGroup;
			children = (
				980C5F561BDE150D00AF512E /* Base */,
			);
			name = LaunchScreen.storyboard;
			sourceTree = "<group>";
		};
/* End PBXVariantGroup section */

/* Begin XCBuildConfiguration section */
		980C5F361BDDFC1D00AF512E /* Debug */ = {
			isa = XCBuildConfiguration;
			buildSettings = {
				ALWAYS_SEARCH_USER_PATHS = NO;
				CLANG_CXX_LANGUAGE_STANDARD = "gnu++0x";
				CLANG_CXX_LIBRARY = "libc++";
				CLANG_ENABLE_MODULES = YES;
				CLANG_ENABLE_OBJC_ARC = YES;
				CLANG_WARN_BOOL_CONVERSION = YES;
				CLANG_WARN_CONSTANT_CONVERSION = YES;
				CLANG_WARN_DIRECT_OBJC_ISA_USAGE = YES_ERROR;
				CLANG_WARN_EMPTY_BODY = YES;
				CLANG_WARN_ENUM_CONVERSION = YES;
				CLANG_WARN_INT_CONVERSION = YES;
				CLANG_WARN_OBJC_ROOT_CLASS = YES_ERROR;
				CLANG_WARN_UNREACHABLE_CODE = YES;
				CLANG_WARN__DUPLICATE_METHOD_MATCH = YES;
				"CODE_SIGN_IDENTITY[sdk=iphoneos*]" = "iPhone Developer";
				COPY_PHASE_STRIP = NO;
				DEBUG_INFORMATION_FORMAT = dwarf;
				ENABLE_STRICT_OBJC_MSGSEND = YES;
				ENABLE_TESTABILITY = YES;
				GCC_C_LANGUAGE_STANDARD = gnu99;
				GCC_DYNAMIC_NO_PIC = NO;
				GCC_NO_COMMON_BLOCKS = YES;
				GCC_OPTIMIZATION_LEVEL = 0;
				GCC_PREPROCESSOR_DEFINITIONS = (
					"DEBUG=1",
					"$(inherited)",
				);
				GCC_WARN_64_TO_32_BIT_CONVERSION = YES;
				GCC_WARN_ABOUT_RETURN_TYPE = YES_ERROR;
				GCC_WARN_UNDECLARED_SELECTOR = YES;
				GCC_WARN_UNINITIALIZED_AUTOS = YES_AGGRESSIVE;
				GCC_WARN_UNUSED_FUNCTION = YES;
				GCC_WARN_UNUSED_VARIABLE = YES;
				IPHONEOS_DEPLOYMENT_TARGET = 9.1;
				MTL_ENABLE_DEBUG_INFO = YES;
				ONLY_ACTIVE_ARCH = YES;
				SDKROOT = iphoneos;
			};
			name = Debug;
		};
		980C5F371BDDFC1D00AF512E /* Release */ = {
			isa = XCBuildConfiguration;
			buildSettings = {
				ALWAYS_SEARCH_USER_PATHS = NO;
				CLANG_CXX_LANGUAGE_STANDARD = "gnu++0x";
				CLANG_CXX_LIBRARY = "libc++";
				CLANG_ENABLE_MODULES = YES;
				CLANG_ENABLE_OBJC_ARC = YES;
				CLANG_WARN_BOOL_CONVERSION = YES;
				CLANG_WARN_CONSTANT_CONVERSION = YES;
				CLANG_WARN_DIRECT_OBJC_ISA_USAGE = YES_ERROR;
				CLANG_WARN_EMPTY_BODY = YES;
				CLANG_WARN_ENUM_CONVERSION = YES;
				CLANG_WARN_INT_CONVERSION = YES;
				CLANG_WARN_OBJC_ROOT_CLASS = YES_ERROR;
				CLANG_WARN_UNREACHABLE_CODE = YES;
				CLANG_WARN__DUPLICATE_METHOD_MATCH = YES;
				"CODE_SIGN_IDENTITY[sdk=iphoneos*]" = "iPhone Developer";
				COPY_PHASE_STRIP = NO;
				DEBUG_INFORMATION_FORMAT = "dwarf-with-dsym";
				ENABLE_NS_ASSERTIONS = NO;
				ENABLE_STRICT_OBJC_MSGSEND = YES;
				GCC_C_LANGUAGE_STANDARD = gnu99;
				GCC_NO_COMMON_BLOCKS = YES;
				GCC_WARN_64_TO_32_BIT_CONVERSION = YES;
				GCC_WARN_ABOUT_RETURN_TYPE = YES_ERROR;
				GCC_WARN_UNDECLARED_SELECTOR = YES;
				GCC_WARN_UNINITIALIZED_AUTOS = YES_AGGRESSIVE;
				GCC_WARN_UNUSED_FUNCTION = YES;
				GCC_WARN_UNUSED_VARIABLE = YES;
				IPHONEOS_DEPLOYMENT_TARGET = 9.1;
				MTL_ENABLE_DEBUG_INFO = NO;
				SDKROOT = iphoneos;
				VALIDATE_PRODUCT = YES;
			};
			name = Release;
		};
		980C5F391BDDFC1D00AF512E /* Debug */ = {
			isa = XCBuildConfiguration;
			buildSettings = {
				ASSETCATALOG_COMPILER_APPICON_NAME = AppIcon;
				INFOPLIST_FILE = 2_2.3storyboard/Info.plist;
				LD_RUNPATH_SEARCH_PATHS = "$(inherited) @executable_path/Frameworks";
				PRODUCT_BUNDLE_IDENTIFIER = "com.zelo.oc.--2-3storyboard";
				PRODUCT_NAME = "$(TARGET_NAME)";
			};
			name = Debug;
		};
		980C5F3A1BDDFC1D00AF512E /* Release */ = {
			isa = XCBuildConfiguration;
			buildSettings = {
				ASSETCATALOG_COMPILER_APPICON_NAME = AppIcon;
				INFOPLIST_FILE = 2_2.3storyboard/Info.plist;
				LD_RUNPATH_SEARCH_PATHS = "$(inherited) @executable_path/Frameworks";
				PRODUCT_BUNDLE_IDENTIFIER = "com.zelo.oc.--2-3storyboard";
				PRODUCT_NAME = "$(TARGET_NAME)";
			};
			name = Release;
		};
		980C5F3C1BDDFC1D00AF512E /* Debug */ = {
			isa = XCBuildConfiguration;
			buildSettings = {
				BUNDLE_LOADER = "$(TEST_HOST)";
				INFOPLIST_FILE = 2_2.3storyboardTests/Info.plist;
				LD_RUNPATH_SEARCH_PATHS = "$(inherited) @executable_path/Frameworks @loader_path/Frameworks";
				PRODUCT_BUNDLE_IDENTIFIER = "com.zelo.oc.--2-3storyboardTests";
				PRODUCT_NAME = "$(TARGET_NAME)";
				TEST_HOST = "$(BUILT_PRODUCTS_DIR)/2_2.3storyboard.app/2_2.3storyboard";
			};
			name = Debug;
		};
		980C5F3D1BDDFC1D00AF512E /* Release */ = {
			isa = XCBuildConfiguration;
			buildSettings = {
				BUNDLE_LOADER = "$(TEST_HOST)";
				INFOPLIST_FILE = 2_2.3storyboardTests/Info.plist;
				LD_RUNPATH_SEARCH_PATHS = "$(inherited) @executable_path/Frameworks @loader_path/Frameworks";
				PRODUCT_BUNDLE_IDENTIFIER = "com.zelo.oc.--2-3storyboardTests";
				PRODUCT_NAME = "$(TARGET_NAME)";
				TEST_HOST = "$(BUILT_PRODUCTS_DIR)/2_2.3storyboard.app/2_2.3storyboard";
			};
			name = Release;
		};
		980C5F3F1BDDFC1D00AF512E /* Debug */ = {
			isa = XCBuildConfiguration;
			buildSettings = {
				INFOPLIST_FILE = 2_2.3storyboardUITests/Info.plist;
				LD_RUNPATH_SEARCH_PATHS = "$(inherited) @executable_path/Frameworks @loader_path/Frameworks";
				PRODUCT_BUNDLE_IDENTIFIER = "com.zelo.oc.--2-3storyboardUITests";
				PRODUCT_NAME = "$(TARGET_NAME)";
				TEST_TARGET_NAME = 2_2.3storyboard;
				USES_XCTRUNNER = YES;
			};
			name = Debug;
		};
		980C5F401BDDFC1D00AF512E /* Release */ = {
			isa = XCBuildConfiguration;
			buildSettings = {
				INFOPLIST_FILE = 2_2.3storyboardUITests/Info.plist;
				LD_RUNPATH_SEARCH_PATHS = "$(inherited) @executable_path/Frameworks @loader_path/Frameworks";
				PRODUCT_BUNDLE_IDENTIFIER = "com.zelo.oc.--2-3storyboardUITests";
				PRODUCT_NAME = "$(TARGET_NAME)";
				TEST_TARGET_NAME = 2_2.3storyboard;
				USES_XCTRUNNER = YES;
			};
			name = Release;
		};
		980C5F701BDE150D00AF512E /* Debug */ = {
			isa = XCBuildConfiguration;
			buildSettings = {
				ASSETCATALOG_COMPILER_APPICON_NAME = AppIcon;
				INFOPLIST_FILE = newTarget/Info.plist;
				LD_RUNPATH_SEARCH_PATHS = "$(inherited) @executable_path/Frameworks";
				PRODUCT_BUNDLE_IDENTIFIER = com.zelo.oc.newTarget;
				PRODUCT_NAME = "$(TARGET_NAME)";
				TARGETED_DEVICE_FAMILY = 1;
			};
			name = Debug;
		};
		980C5F711BDE150D00AF512E /* Release */ = {
			isa = XCBuildConfiguration;
			buildSettings = {
				ASSETCATALOG_COMPILER_APPICON_NAME = AppIcon;
				INFOPLIST_FILE = newTarget/Info.plist;
				LD_RUNPATH_SEARCH_PATHS = "$(inherited) @executable_path/Frameworks";
				PRODUCT_BUNDLE_IDENTIFIER = com.zelo.oc.newTarget;
				PRODUCT_NAME = "$(TARGET_NAME)";
				TARGETED_DEVICE_FAMILY = 1;
			};
			name = Release;
		};
		980C5F731BDE150D00AF512E /* Debug */ = {
			isa = XCBuildConfiguration;
			buildSettings = {
				BUNDLE_LOADER = "$(TEST_HOST)";
				INFOPLIST_FILE = newTargetTests/Info.plist;
				LD_RUNPATH_SEARCH_PATHS = "$(inherited) @executable_path/Frameworks @loader_path/Frameworks";
				PRODUCT_BUNDLE_IDENTIFIER = com.zelo.oc.newTargetTests;
				PRODUCT_NAME = "$(TARGET_NAME)";
				TEST_HOST = "$(BUILT_PRODUCTS_DIR)/newTarget.app/newTarget";
			};
			name = Debug;
		};
		980C5F741BDE150D00AF512E /* Release */ = {
			isa = XCBuildConfiguration;
			buildSettings = {
				BUNDLE_LOADER = "$(TEST_HOST)";
				INFOPLIST_FILE = newTargetTests/Info.plist;
				LD_RUNPATH_SEARCH_PATHS = "$(inherited) @executable_path/Frameworks @loader_path/Frameworks";
				PRODUCT_BUNDLE_IDENTIFIER = com.zelo.oc.newTargetTests;
				PRODUCT_NAME = "$(TARGET_NAME)";
				TEST_HOST = "$(BUILT_PRODUCTS_DIR)/newTarget.app/newTarget";
			};
			name = Release;
		};
		980C5F761BDE150D00AF512E /* Debug */ = {
			isa = XCBuildConfiguration;
			buildSettings = {
				INFOPLIST_FILE = newTargetUITests/Info.plist;
				LD_RUNPATH_SEARCH_PATHS = "$(inherited) @executable_path/Frameworks @loader_path/Frameworks";
				PRODUCT_BUNDLE_IDENTIFIER = com.zelo.oc.newTargetUITests;
				PRODUCT_NAME = "$(TARGET_NAME)";
				TEST_TARGET_NAME = newTarget;
				USES_XCTRUNNER = YES;
			};
			name = Debug;
		};
		980C5F771BDE150D00AF512E /* Release */ = {
			isa = XCBuildConfiguration;
			buildSettings = {
				INFOPLIST_FILE = newTargetUITests/Info.plist;
				LD_RUNPATH_SEARCH_PATHS = "$(inherited) @executable_path/Frameworks @loader_path/Frameworks";
				PRODUCT_BUNDLE_IDENTIFIER = com.zelo.oc.newTargetUITests;
				PRODUCT_NAME = "$(TARGET_NAME)";
				TEST_TARGET_NAME = newTarget;
				USES_XCTRUNNER = YES;
			};
			name = Release;
		};
/* End XCBuildConfiguration section */

/* Begin XCConfigurationList section */
		980C5F031BDDFC1D00AF512E /* Build configuration list for PBXProject "2_2.3storyboard" */ = {
			isa = XCConfigurationList;
			buildConfigurations = (
				980C5F361BDDFC1D00AF512E /* Debug */,
				980C5F371BDDFC1D00AF512E /* Release */,
			);
			defaultConfigurationIsVisible = 0;
			defaultConfigurationName = Release;
		};
		980C5F381BDDFC1D00AF512E /* Build configuration list for PBXNativeTarget "2_2.3storyboard" */ = {
			isa = XCConfigurationList;
			buildConfigurations = (
				980C5F391BDDFC1D00AF512E /* Debug */,
				980C5F3A1BDDFC1D00AF512E /* Release */,
			);
			defaultConfigurationIsVisible = 0;
		};
		980C5F3B1BDDFC1D00AF512E /* Build configuration list for PBXNativeTarget "2_2.3storyboardTests" */ = {
			isa = XCConfigurationList;
			buildConfigurations = (
				980C5F3C1BDDFC1D00AF512E /* Debug */,
				980C5F3D1BDDFC1D00AF512E /* Release */,
			);
			defaultConfigurationIsVisible = 0;
		};
		980C5F3E1BDDFC1D00AF512E /* Build configuration list for PBXNativeTarget "2_2.3storyboardUITests" */ = {
			isa = XCConfigurationList;
			buildConfigurations = (
				980C5F3F1BDDFC1D00AF512E /* Debug */,
				980C5F401BDDFC1D00AF512E /* Release */,
			);
			defaultConfigurationIsVisible = 0;
		};
		980C5F6F1BDE150D00AF512E /* Build configuration list for PBXNativeTarget "newTarget" */ = {
			isa = XCConfigurationList;
			buildConfigurations = (
				980C5F701BDE150D00AF512E /* Debug */,
				980C5F711BDE150D00AF512E /* Release */,
			);
			defaultConfigurationIsVisible = 0;
		};
		980C5F721BDE150D00AF512E /* Build configuration list for PBXNativeTarget "newTargetTests" */ = {
			isa = XCConfigurationList;
			buildConfigurations = (
				980C5F731BDE150D00AF512E /* Debug */,
				980C5F741BDE150D00AF512E /* Release */,
			);
			defaultConfigurationIsVisible = 0;
		};
		980C5F751BDE150D00AF512E /* Build configuration list for PBXNativeTarget "newTargetUITests" */ = {
			isa = XCConfigurationList;
			buildConfigurations = (
				980C5F761BDE150D00AF512E /* Debug */,
				980C5F771BDE150D00AF512E /* Release */,
			);
			defaultConfigurationIsVisible = 0;
		};
/* End XCConfigurationList section */
	};
	rootObject = 980C5F001BDDFC1D00AF512E /* Project object */;
}
